<?xml version="1.0" encoding="utf-8"?>
<Project ToolsVersion="4.0" xmlns="http://schemas.microsoft.com/developer/msbuild/2003">
  <ItemGroup>
    <Filter Include="src">
      <UniqueIdentifier>{2DAB880B-99B4-887C-2230-9F7C8E38947C}</UniqueIdentifier>
    </Filter>
    <Filter Include="src\Cameras">
      <UniqueIdentifier>{18ACA91C-8461-2212-0D56-1CE9790A1916}</UniqueIdentifier>
    </Filter>
    <Filter Include="src\Events">
      <UniqueIdentifier>{7162C20E-5D1A-045C-C621-DDB7B2F89E4C}</UniqueIdentifier>
    </Filter>
    <Filter Include="src\Graphics">
      <UniqueIdentifier>{0D564864-F9B8-D708-A23E-10BF8E80A38B}</UniqueIdentifier>
    </Filter>
    <Filter Include="src\Inputs">
      <UniqueIdentifier>{DF668C17-CB1E-CE64-3426-A7C020FD6855}</UniqueIdentifier>
    </Filter>
    <Filter Include="vendor">
      <UniqueIdentifier>{B3738122-9F15-ACF8-88D0-BF4C74113349}</UniqueIdentifier>
    </Filter>
    <Filter Include="vendor\stb_image">
      <UniqueIdentifier>{0DA0BA59-F998-D9AB-22CB-BE300E23B9B7}</UniqueIdentifier>
    </Filter>
  </ItemGroup>
  <ItemGroup>
    <ClInclude Include="src\Cameras\Camera.h">
      <Filter>src\Cameras</Filter>
    </ClInclude>
    <ClInclude Include="src\Cameras\CameraFPS.h">
      <Filter>src\Cameras</Filter>
    </ClInclude>
    <ClInclude Include="src\Engine.h">
      <Filter>src</Filter>
    </ClInclude>
    <ClInclude Include="src\Events\Event.h">
      <Filter>src\Events</Filter>
    </ClInclude>
    <ClInclude Include="src\Events\KeyEvent.h">
      <Filter>src\Events</Filter>
    </ClInclude>
    <ClInclude Include="src\Events\MouseEvent.h">
      <Filter>src\Events</Filter>
    </ClInclude>
    <ClInclude Include="src\Graphics\Entity.h">
      <Filter>src\Graphics</Filter>
    </ClInclude>
    <ClInclude Include="src\Graphics\Mesh.h">
      <Filter>src\Graphics</Filter>
    </ClInclude>
    <ClInclude Include="src\Graphics\Renderer.h">
      <Filter>src\Graphics</Filter>
    </ClInclude>
    <ClInclude Include="src\Graphics\Shader.h">
      <Filter>src\Graphics</Filter>
    </ClInclude>
    <ClInclude Include="src\Graphics\Texture.h">
      <Filter>src\Graphics</Filter>
    </ClInclude>
    <ClInclude Include="src\Graphics\Transformation.h">
      <Filter>src\Graphics</Filter>
    </ClInclude>
    <ClInclude Include="src\Inputs\InputHandle.h">
      <Filter>src\Inputs</Filter>
    </ClInclude>
    <ClInclude Include="src\Inputs\Observer.h">
      <Filter>src\Inputs</Filter>
    </ClInclude>
    <ClInclude Include="src\Inputs\Subject.h">
      <Filter>src\Inputs</Filter>
    </ClInclude>
    <ClInclude Include="src\Log.h">
      <Filter>src</Filter>
    </ClInclude>
    <ClInclude Include="src\Timer.h">
      <Filter>src</Filter>
    </ClInclude>
    <ClInclude Include="src\Window.h">
      <Filter>src</Filter>
    </ClInclude>
    <ClInclude Include="src\pch.h">
      <Filter>src</Filter>
    </ClInclude>
    <ClInclude Include="vendor\stb_image\stb_image.h">
      <Filter>vendor\stb_image</Filter>
    </ClInclude>
    <ClInclude Include="src\Input.h">
      <Filter>src</Filter>
    </ClInclude>
  </ItemGroup>
  <ItemGroup>
    <ClCompile Include="src\Cameras\Camera.cpp">
      <Filter>src\Cameras</Filter>
    </ClCompile>
    <ClCompile Include="src\Cameras\CameraFPS.cpp">
      <Filter>src\Cameras</Filter>
    </ClCompile>
    <ClCompile Include="src\Engine.cpp">
      <Filter>src</Filter>
    </ClCompile>
    <ClCompile Include="src\Graphics\Entity.cpp">
      <Filter>src\Graphics</Filter>
    </ClCompile>
    <ClCompile Include="src\Graphics\Mesh.cpp">
      <Filter>src\Graphics</Filter>
    </ClCompile>
    <ClCompile Include="src\Graphics\Renderer.cpp">
      <Filter>src\Graphics</Filter>
    </ClCompile>
    <ClCompile Include="src\Graphics\Shader.cpp">
      <Filter>src\Graphics</Filter>
    </ClCompile>
    <ClCompile Include="src\Graphics\Texture.cpp">
      <Filter>src\Graphics</Filter>
    </ClCompile>
    <ClCompile Include="src\Graphics\Transformation.cpp">
      <Filter>src\Graphics</Filter>
    </ClCompile>
    <ClCompile Include="src\Inputs\InputHandle.cpp">
      <Filter>src\Inputs</Filter>
    </ClCompile>
    <ClCompile Include="src\Log.cpp">
      <Filter>src</Filter>
    </ClCompile>
    <ClCompile Include="src\Source.cpp">
      <Filter>src</Filter>
    </ClCompile>
    <ClCompile Include="src\Timer.cpp">
      <Filter>src</Filter>
    </ClCompile>
    <ClCompile Include="src\Window.cpp">
      <Filter>src</Filter>
    </ClCompile>
    <ClCompile Include="src\pch.cpp">
      <Filter>src</Filter>
    </ClCompile>
    <ClCompile Include="vendor\stb_image\stb_image.cpp">
      <Filter>vendor\stb_image</Filter>
    </ClCompile>
    <ClCompile Include="src\Input.cpp">
      <Filter>src</Filter>
    </ClCompile>
  </ItemGroup>
</Project>